
Microsoft Visual Studio Solution File, Format Version 12.00
# Visual Studio Version 17
VisualStudioVersion = 17.5.33516.290
MinimumVisualStudioVersion = 10.0.40219.1
Project("{FAE04EC0-301F-11D3-BF4B-00C04F79EFBC}") = "MealsRestaurant", "MealsRestaurant\MealsRestaurant.csproj", "{A66DB5C1-2844-4E91-A85A-D73533968893}"
EndProject
Global
	GlobalSection(SolutionConfigurationPlatforms) = preSolution
		Debug|Any CPU = Debug|Any CPU
		Release|Any CPU = Release|Any CPU
	EndGlobalSection
	GlobalSection(ProjectConfigurationPlatforms) = postSolution
		{A66DB5C1-2844-4E91-A85A-D73533968893}.Debug|Any CPU.ActiveCfg = Debug|Any CPU
		{A66DB5C1-2844-4E91-A85A-D73533968893}.Debug|Any CPU.Build.0 = Debug|Any CPU
		{A66DB5C1-2844-4E91-A85A-D73533968893}.Release|Any CPU.ActiveCfg = Release|Any CPU
		{A66DB5C1-2844-4E91-A85A-D73533968893}.Release|Any CPU.Build.0 = Release|Any CPU
	EndGlobalSection
	GlobalSection(SolutionProperties) = preSolution
		HideSolutionNode = FALSE
	EndGlobalSection
	GlobalSection(ExtensibilityGlobals) = postSolution
		SolutionGuid = {D0018705-BA0E-49F3-A8F0-4DC7C458D421}
	EndGlobalSection
EndGlobal
